{
  "nodes": {
    "home-manager": {
      "inputs": {
        "nixpkgs": [
          "nixpkgs"
        ]
      },
      "locked": {
        "lastModified": 1783221248,
        "narHash": "sha256-ESQnuNHEDChsB4IxoLRhscVahqkDWkTb+qdIz8euYt4=",
        "owner": "nix-community",
        "repo": "home-manager",
        "rev": "af2beae5f0fae0a4310cc0e6aef2572f56090353",
        "type": "github"
      },
      "original": {
        "owner": "nix-community",
        "ref": "release-26.05",
        "repo": "home-manager",
        "type": "github"
      }
    },
    "nix-flatpak": {
      "locked": {
        "lastModified": 1767983141,
        "narHash": "sha256-7ZCulYUD9RmJIDULTRkGLSW1faMpDlPKcbWJLYHoXcs=",
        "owner": "gmodena",
        "repo": "nix-flatpak",
        "rev": "440818969ac2cbd77bfe025e884d0aa528991374",
        "type": "github"
      },
      "original": {
        "owner": "gmodena",
        "ref": "latest",
        "repo": "nix-flatpak",
        "type": "github"
      }
    },
    "nixpkgs": {
      "locked": {
        "lastModified": 1783389287,
        "narHash": "sha256-0xIy4dVLqq47rA+mRy0hXDfjhQd4E5PoIns/RmB7nR4=",
        "owner": "NixOS",
        "repo": "nixpkgs",
        "rev": "0ad6f47ea4fe188f4bc8f0380f93ae8523337c6c",
        "type": "github"
      },
      "original": {
        "owner": "NixOS",
        "ref": "nixos-26.05",
        "repo": "nixpkgs",
        "type": "github"
      }
    },
    "nixpkgs-unstable": {
      "locked": {
        "lastModified": 1783224372,
        "narHash": "sha256-8i/87eeoqiGE4yOTjwSA3Eh/ziJRQEmd/unYU+K27sk=",
        "owner": "NixOS",
        "repo": "nixpkgs",
        "rev": "d407951447dcd00442e97087bf374aad70c04cea",
        "type": "github"
      },
      "original": {
        "owner": "NixOS",
        "ref": "nixos-unstable",
        "repo": "nixpkgs",
        "type": "github"
      }
    },
    "nixpkgs_2": {
      "locked": {
        "lastModified": 1782959384,
        "narHash": "sha256-l57y2CK9dTSChgb6Edg7kkXu5DA4rucVbNFoQHUBjmw=",
        "rev": "65179426c83bb3f6bc14898b42ea1c6f01d374b0",
        "type": "tarball",
        "url": "https://releases.nixos.org/nixos/unstable/nixos-26.11pre1026231.65179426c83b/nixexprs.tar.xz"
      },
      "original": {
        "type": "tarball",
        "url": "https://channels.nixos.org/nixos-unstable/nixexprs.tar.xz"
      }
    },
    "noctalia": {
      "inputs": {
        "nixpkgs": "nixpkgs_2"
      },
      "locked": {
        "lastModified": 1783509806,
        "narHash": "sha256-obeRpRcGCBEXdevCnI9eZPy7k2epocUvQrkYM4pGBRM=",
        "owner": "noctalia-dev",
        "repo": "noctalia",
        "rev": "54c8cd49fb709f6e7731d02dfc2468bbfb16effe",
        "type": "github"
      },
      "original": {
        "owner": "noctalia-dev",
        "ref": "cachix",
        "repo": "noctalia",
        "type": "github"
      }
    },
    "root": {
      "inputs": {
        "home-manager": "home-manager",
        "nix-flatpak": "nix-flatpak",
        "nixpkgs": "nixpkgs",
        "nixpkgs-unstable": "nixpkgs-unstable",
        "noctalia": "noctalia"
      }
    }
  },
  "root": "root",
  "version": 7
}
